
Microsoft Visual Studio Solution File, Format Version 12.00
# Visual Studio 2012
Project("{9A19103F-16F7-4668-BE54-9A1E7A4F7556}") = "Nuclex.Cloning", "src\Nuclex.Cloning\Nuclex.Cloning.csproj", "{D2833BEB-BBA9-4614-9398-35F9850D46A7}"
EndProject
Project("{9A19103F-16F7-4668-BE54-9A1E7A4F7556}") = "Nuclex.Cloning.Test", "test\Nuclex.Cloning.Test\Nuclex.Cloning.Test.csproj", "{798DCDE1-6A97-49F0-AC2B-C9F64D50A755}"
EndProject
Global
	GlobalSection(SolutionConfigurationPlatforms) = preSolution
		Debug|Any CPU = Debug|Any CPU
		Release|Any CPU = Release|Any CPU
	EndGlobalSection
	GlobalSection(ProjectConfigurationPlatforms) = postSolution
		{D2833BEB-BBA9-4614-9398-35F9850D46A7}.Debug|Any CPU.ActiveCfg = Debug|Any CPU
		{D2833BEB-BBA9-4614-9398-35F9850D46A7}.Debug|Any CPU.Build.0 = Debug|Any CPU
		{D2833BEB-BBA9-4614-9398-35F9850D46A7}.Release|Any CPU.ActiveCfg = Release|Any CPU
		{D2833BEB-BBA9-4614-9398-35F9850D46A7}.Release|Any CPU.Build.0 = Release|Any CPU
		{798DCDE1-6A97-49F0-AC2B-C9F64D50A755}.Debug|Any CPU.ActiveCfg = Debug|Any CPU
		{798DCDE1-6A97-49F0-AC2B-C9F64D50A755}.Debug|Any CPU.Build.0 = Debug|Any CPU
		{798DCDE1-6A97-49F0-AC2B-C9F64D50A755}.Release|Any CPU.ActiveCfg = Release|Any CPU
		{798DCDE1-6A97-49F0-AC2B-C9F64D50A755}.Release|Any CPU.Build.0 = Release|Any CPU
	EndGlobalSection
	GlobalSection(SolutionProperties) = preSolution
		HideSolutionNode = FALSE
	EndGlobalSection
EndGlobal
